# THIS IS AN AUTOGENERATED FILE. DO NOT EDIT THIS FILE DIRECTLY.
# yarn lockfile v1


jsonfile@~1.1.0:
  version "1.1.1"
  resolved "https://registry.yarnpkg.com/jsonfile/-/jsonfile-1.1.1.tgz#da4fd6ad77f1a255203ea63c7bc32dc31ef64433"

mkdirp@0.3.x:
  version "0.3.5"
  resolved "https://registry.yarnpkg.com/mkdirp/-/mkdirp-0.3.5.tgz#de3e5f8961c88c787ee1368df849ac4413eca8d7"

ncp@~0.4.2:
  version "0.4.2"
  resolved "https://registry.yarnpkg.com/ncp/-/ncp-0.4.2.tgz#abcc6cbd3ec2ed2a729ff6e7c1fa8f01784a8574"

nginx-conf@^1.4.0:
  version "1.4.0"
  resolved "https://registry.yarnpkg.com/nginx-conf/-/nginx-conf-1.4.0.tgz#b5bd20870455a7988be8044d86d26b8828c6777b"

node-fs-extra@^0.8.2:
  version "0.8.2"
  resolved "https://registry.yarnpkg.com/node-fs-extra/-/node-fs-extra-0.8.2.tgz#09fb2b60d30f7d703e361ecb626a91404f17097a"
  dependencies:
    jsonfile "~1.1.0"
    mkdirp "0.3.x"
    ncp "~0.4.2"
    rimraf "~2.2.0"

rimraf@~2.2.0:
  version "2.2.8"
  resolved "https://registry.yarnpkg.com/rimraf/-/rimraf-2.2.8.tgz#e439be2aaee327321952730f99a8929e4fc50582"
